
Microsoft Visual Studio Solution File, Format Version 12.00
# Visual Studio Version 16
VisualStudioVersion = 16.0.31729.503
MinimumVisualStudioVersion = 10.0.40219.1
Project("{FAE04EC0-301F-11D3-BF4B-00C04F79EFBC}") = "Projekti ASAD", "Projekti ASAD\Projekti ASAD.csproj", "{55C9EC1B-A557-44BF-BCA6-394290E12112}"
EndProject
Global
	GlobalSection(SolutionConfigurationPlatforms) = preSolution
		Debug|Any CPU = Debug|Any CPU
		Release|Any CPU = Release|Any CPU
	EndGlobalSection
	GlobalSection(ProjectConfigurationPlatforms) = postSolution
		{55C9EC1B-A557-44BF-BCA6-394290E12112}.Debug|Any CPU.ActiveCfg = Debug|Any CPU
		{55C9EC1B-A557-44BF-BCA6-394290E12112}.Debug|Any CPU.Build.0 = Debug|Any CPU
		{55C9EC1B-A557-44BF-BCA6-394290E12112}.Release|Any CPU.ActiveCfg = Release|Any CPU
		{55C9EC1B-A557-44BF-BCA6-394290E12112}.Release|Any CPU.Build.0 = Release|Any CPU
	EndGlobalSection
	GlobalSection(SolutionProperties) = preSolution
		HideSolutionNode = FALSE
	EndGlobalSection
	GlobalSection(ExtensibilityGlobals) = postSolution
		SolutionGuid = {F1816035-A753-4B5E-8C5A-F87458DA4674}
	EndGlobalSection
EndGlobal
